
Microsoft Visual Studio Solution File, Format Version 12.00
# Visual Studio Version 17
VisualStudioVersion = 17.5.002.0
MinimumVisualStudioVersion = 10.0.40219.1
Project("{9A19103F-16F7-4668-BE54-9A1E7A4F7556}") = "MinhaApiAspNetCore", "MinhaApiAspNetCore.csproj", "{CA826C46-7AA5-452F-BDA6-E0A412FE47CD}"
EndProject
Global
	GlobalSection(SolutionConfigurationPlatforms) = preSolution
		Debug|Any CPU = Debug|Any CPU
		Release|Any CPU = Release|Any CPU
	EndGlobalSection
	GlobalSection(ProjectConfigurationPlatforms) = postSolution
		{CA826C46-7AA5-452F-BDA6-E0A412FE47CD}.Debug|Any CPU.ActiveCfg = Debug|Any CPU
		{CA826C46-7AA5-452F-BDA6-E0A412FE47CD}.Debug|Any CPU.Build.0 = Debug|Any CPU
		{CA826C46-7AA5-452F-BDA6-E0A412FE47CD}.Release|Any CPU.ActiveCfg = Release|Any CPU
		{CA826C46-7AA5-452F-BDA6-E0A412FE47CD}.Release|Any CPU.Build.0 = Release|Any CPU
	EndGlobalSection
	GlobalSection(SolutionProperties) = preSolution
		HideSolutionNode = FALSE
	EndGlobalSection
	GlobalSection(ExtensibilityGlobals) = postSolution
		SolutionGuid = {369C2282-81C4-462F-BABD-463101E2E0A5}
	EndGlobalSection
EndGlobal
